
Microsoft Visual Studio Solution File, Format Version 12.00
# Visual Studio Version 17
VisualStudioVersion = 17.3.32901.215
MinimumVisualStudioVersion = 10.0.40219.1
Project("{FAE04EC0-301F-11D3-BF4B-00C04F79EFBC}") = "AberturaEmpresas", "AberturaEmpresas\AberturaEmpresas.csproj", "{8759CE3A-0A23-4988-A8D5-A97FD2D4A2AB}"
EndProject
Global
	GlobalSection(SolutionConfigurationPlatforms) = preSolution
		Debug|Any CPU = Debug|Any CPU
		Release|Any CPU = Release|Any CPU
	EndGlobalSection
	GlobalSection(ProjectConfigurationPlatforms) = postSolution
		{8759CE3A-0A23-4988-A8D5-A97FD2D4A2AB}.Debug|Any CPU.ActiveCfg = Debug|Any CPU
		{8759CE3A-0A23-4988-A8D5-A97FD2D4A2AB}.Debug|Any CPU.Build.0 = Debug|Any CPU
		{8759CE3A-0A23-4988-A8D5-A97FD2D4A2AB}.Release|Any CPU.ActiveCfg = Release|Any CPU
		{8759CE3A-0A23-4988-A8D5-A97FD2D4A2AB}.Release|Any CPU.Build.0 = Release|Any CPU
	EndGlobalSection
	GlobalSection(SolutionProperties) = preSolution
		HideSolutionNode = FALSE
	EndGlobalSection
	GlobalSection(ExtensibilityGlobals) = postSolution
		SolutionGuid = {9A90F7EB-D6B4-4CED-A0B2-22EE8C44D964}
	EndGlobalSection
EndGlobal
